<?xml version="1.0" encoding="utf-8"?>
<Project ToolsVersion="4.0" xmlns="http://schemas.microsoft.com/developer/msbuild/2003">
  <ItemGroup>
    <Filter Include="ABot">
      <UniqueIdentifier>{ac9d1730-afbb-4be7-8cc3-0a6ddf2fcabe}</UniqueIdentifier>
    </Filter>
    <Filter Include="ABot\GuiLayer">
      <UniqueIdentifier>{a0a4f4b9-6f4c-45f3-9331-b44d32065608}</UniqueIdentifier>
    </Filter>
    <Filter Include="ABot\Utils">
      <UniqueIdentifier>{780f90bf-e10a-4e30-ba72-c96a45edc7c3}</UniqueIdentifier>
    </Filter>
    <Filter Include="ABot\ABot">
      <UniqueIdentifier>{e5de44da-eb7b-4b1d-bd77-344af0f42aa7}</UniqueIdentifier>
    </Filter>
    <Filter Include="ABot\Render">
      <UniqueIdentifier>{86bcf30b-630b-4ad3-8ede-ab89583916ac}</UniqueIdentifier>
    </Filter>
    <Filter Include="ABot\Parser">
      <UniqueIdentifier>{7dbb60fb-3b78-4d1c-a4f4-7ba7207d0279}</UniqueIdentifier>
    </Filter>
  </ItemGroup>
  <ItemGroup>
    <ClCompile Include="GuiLayer.cpp">
      <Filter>ABot\GuiLayer</Filter>
    </ClCompile>
    <ClCompile Include="Render.cpp">
      <Filter>ABot\Render</Filter>
    </ClCompile>
    <ClCompile Include="TASBOT.cpp">
      <Filter>ABot\Parser</Filter>
    </ClCompile>
    <ClCompile Include="Random.cpp">
      <Filter>ABot\Utils</Filter>
    </ClCompile>
    <ClCompile Include="FileSystem.cpp">
      <Filter>ABot\Utils</Filter>
    </ClCompile>
    <ClCompile Include="ABot.cpp">
      <Filter>ABot\ABot</Filter>
    </ClCompile>
    <ClCompile Include="RBot.cpp">
      <Filter>ABot\Parser</Filter>
    </ClCompile>
    <ClCompile Include="pch.cpp" />
    <ClCompile Include="Window.cpp">
      <Filter>ABot\GuiLayer</Filter>
    </ClCompile>
    <ClCompile Include="main.cpp" />
  </ItemGroup>
  <ItemGroup>
    <ClInclude Include="GuiLayer.h">
      <Filter>ABot\GuiLayer</Filter>
    </ClInclude>
    <ClInclude Include="Action.h">
      <Filter>ABot\Parser</Filter>
    </ClInclude>
    <ClInclude Include="TASBOT.h">
      <Filter>ABot\Parser</Filter>
    </ClInclude>
    <ClInclude Include="Render.h">
      <Filter>ABot\Render</Filter>
    </ClInclude>
    <ClInclude Include="Random.h">
      <Filter>ABot\Utils</Filter>
    </ClInclude>
    <ClInclude Include="FileSystem.h">
      <Filter>ABot\Utils</Filter>
    </ClInclude>
    <ClInclude Include="ABot.h">
      <Filter>ABot\ABot</Filter>
    </ClInclude>
    <ClInclude Include="RBot.h">
      <Filter>ABot\Parser</Filter>
    </ClInclude>
    <ClInclude Include="Utils.h">
      <Filter>ABot\Parser</Filter>
    </ClInclude>
    <ClInclude Include="Font.h">
      <Filter>ABot\GuiLayer</Filter>
    </ClInclude>
    <ClInclude Include="pch.h" />
    <ClInclude Include="Window.h">
      <Filter>ABot\GuiLayer</Filter>
    </ClInclude>
  </ItemGroup>
</Project>